
Microsoft Visual Studio Solution File, Format Version 12.00
# Visual Studio 15
VisualStudioVersion = 15.0.27130.2026
MinimumVisualStudioVersion = 10.0.40219.1
Project("{FAE04EC0-301F-11D3-BF4B-00C04F79EFBC}") = "IFakeResharperPlugin", "IFakeResharperPlugin\IFakeResharperPlugin.csproj", "{BB2B42E0-4D6D-4380-AD8E-BC3D6C83F9B7}"
EndProject
Project("{2150E333-8FDC-42A3-9474-1A3956D46DE8}") = "SolutionItems", "SolutionItems", "{DDFEA074-6CA6-4B2A-BFED-49262B33BD91}"
	ProjectSection(SolutionItems) = preProject
		InstallSupport\IFakeResharperPlugin.nuspec = InstallSupport\IFakeResharperPlugin.nuspec
		InstallSupport\nuget.build.bat = InstallSupport\nuget.build.bat
	EndProjectSection
EndProject
Global
	GlobalSection(SolutionConfigurationPlatforms) = preSolution
		Debug|Any CPU = Debug|Any CPU
		Release|Any CPU = Release|Any CPU
	EndGlobalSection
	GlobalSection(ProjectConfigurationPlatforms) = postSolution
		{BB2B42E0-4D6D-4380-AD8E-BC3D6C83F9B7}.Debug|Any CPU.ActiveCfg = Debug|Any CPU
		{BB2B42E0-4D6D-4380-AD8E-BC3D6C83F9B7}.Debug|Any CPU.Build.0 = Debug|Any CPU
		{BB2B42E0-4D6D-4380-AD8E-BC3D6C83F9B7}.Release|Any CPU.ActiveCfg = Release|Any CPU
		{BB2B42E0-4D6D-4380-AD8E-BC3D6C83F9B7}.Release|Any CPU.Build.0 = Release|Any CPU
	EndGlobalSection
	GlobalSection(SolutionProperties) = preSolution
		HideSolutionNode = FALSE
	EndGlobalSection
	GlobalSection(ExtensibilityGlobals) = postSolution
		SolutionGuid = {0B170F0F-790B-445C-A029-6FC2A35B655F}
	EndGlobalSection
EndGlobal
